
Microsoft Visual Studio Solution File, Format Version 12.00
# Visual Studio Version 17
VisualStudioVersion = 17.0.31903.59
MinimumVisualStudioVersion = 10.0.40219.1
Project("{2150E333-8FDC-42A3-9474-1A3956D46DE8}") = "src", "src", "{827E0CD3-B72D-47B6-A68D-7590B98EB39B}"
EndProject
Project("{FAE04EC0-301F-11D3-BF4B-00C04F79EFBC}") = "WordPress.NET.Domain", "src\WordPress.NET.Domain\WordPress.NET.Domain.csproj", "{91269E94-ABD0-4FE8-91EE-3249DC47F0CF}"
EndProject
Project("{FAE04EC0-301F-11D3-BF4B-00C04F79EFBC}") = "WordPress.NET.Application", "src\WordPress.NET.Application\WordPress.NET.Application.csproj", "{CB1DFE3D-CFB9-4488-8E44-B18DDEB66BF6}"
EndProject
Project("{FAE04EC0-301F-11D3-BF4B-00C04F79EFBC}") = "WordPress.NET.Infrastructure", "src\WordPress.NET.Infrastructure\WordPress.NET.Infrastructure.csproj", "{8E98DE2E-4E74-47D7-801E-9769146943CE}"
EndProject
Project("{FAE04EC0-301F-11D3-BF4B-00C04F79EFBC}") = "WordPress.NET.API", "src\WordPress.NET.API\WordPress.NET.API.csproj", "{F19428B5-EC30-4525-8965-8829B0C1866D}"
EndProject
Project("{FAE04EC0-301F-11D3-BF4B-00C04F79EFBC}") = "WordPress.NET.Shared", "src\WordPress.NET.Shared\WordPress.NET.Shared.csproj", "{D9920D9C-51FA-42E9-A4D3-96F6F95048B1}"
EndProject
Project("{2150E333-8FDC-42A3-9474-1A3956D46DE8}") = "tests", "tests", "{0AB3BF05-4346-4AA6-1389-037BE0695223}"
EndProject
Project("{FAE04EC0-301F-11D3-BF4B-00C04F79EFBC}") = "WordPress.NET.Domain.Tests", "tests\WordPress.NET.Domain.Tests\WordPress.NET.Domain.Tests.csproj", "{5F2D417A-0053-417F-9250-11F145F710DF}"
EndProject
Project("{FAE04EC0-301F-11D3-BF4B-00C04F79EFBC}") = "WordPress.NET.Application.Tests", "tests\WordPress.NET.Application.Tests\WordPress.NET.Application.Tests.csproj", "{E90C43BC-1822-4BF5-AD56-7F3CC386ECEE}"
EndProject
Project("{FAE04EC0-301F-11D3-BF4B-00C04F79EFBC}") = "WordPress.NET.Infrastructure.Tests", "tests\WordPress.NET.Infrastructure.Tests\WordPress.NET.Infrastructure.Tests.csproj", "{AD905E74-BEA3-4973-A82C-0F0A78F2A79A}"
EndProject
Project("{FAE04EC0-301F-11D3-BF4B-00C04F79EFBC}") = "WordPress.NET.API.Tests", "tests\WordPress.NET.API.Tests\WordPress.NET.API.Tests.csproj", "{46BBE8A4-CFA1-4209-B7E5-717554CF609F}"
EndProject
Global
	GlobalSection(SolutionConfigurationPlatforms) = preSolution
		Debug|Any CPU = Debug|Any CPU
		Debug|x64 = Debug|x64
		Debug|x86 = Debug|x86
		Release|Any CPU = Release|Any CPU
		Release|x64 = Release|x64
		Release|x86 = Release|x86
	EndGlobalSection
	GlobalSection(ProjectConfigurationPlatforms) = postSolution
		{91269E94-ABD0-4FE8-91EE-3249DC47F0CF}.Debug|Any CPU.ActiveCfg = Debug|Any CPU
		{91269E94-ABD0-4FE8-91EE-3249DC47F0CF}.Debug|Any CPU.Build.0 = Debug|Any CPU
		{91269E94-ABD0-4FE8-91EE-3249DC47F0CF}.Debug|x64.ActiveCfg = Debug|Any CPU
		{91269E94-ABD0-4FE8-91EE-3249DC47F0CF}.Debug|x64.Build.0 = Debug|Any CPU
		{91269E94-ABD0-4FE8-91EE-3249DC47F0CF}.Debug|x86.ActiveCfg = Debug|Any CPU
		{91269E94-ABD0-4FE8-91EE-3249DC47F0CF}.Debug|x86.Build.0 = Debug|Any CPU
		{91269E94-ABD0-4FE8-91EE-3249DC47F0CF}.Release|Any CPU.ActiveCfg = Release|Any CPU
		{91269E94-ABD0-4FE8-91EE-3249DC47F0CF}.Release|Any CPU.Build.0 = Release|Any CPU
		{91269E94-ABD0-4FE8-91EE-3249DC47F0CF}.Release|x64.ActiveCfg = Release|Any CPU
		{91269E94-ABD0-4FE8-91EE-3249DC47F0CF}.Release|x64.Build.0 = Release|Any CPU
		{91269E94-ABD0-4FE8-91EE-3249DC47F0CF}.Release|x86.ActiveCfg = Release|Any CPU
		{91269E94-ABD0-4FE8-91EE-3249DC47F0CF}.Release|x86.Build.0 = Release|Any CPU
		{CB1DFE3D-CFB9-4488-8E44-B18DDEB66BF6}.Debug|Any CPU.ActiveCfg = Debug|Any CPU
		{CB1DFE3D-CFB9-4488-8E44-B18DDEB66BF6}.Debug|Any CPU.Build.0 = Debug|Any CPU
		{CB1DFE3D-CFB9-4488-8E44-B18DDEB66BF6}.Debug|x64.ActiveCfg = Debug|Any CPU
		{CB1DFE3D-CFB9-4488-8E44-B18DDEB66BF6}.Debug|x64.Build.0 = Debug|Any CPU
		{CB1DFE3D-CFB9-4488-8E44-B18DDEB66BF6}.Debug|x86.ActiveCfg = Debug|Any CPU
		{CB1DFE3D-CFB9-4488-8E44-B18DDEB66BF6}.Debug|x86.Build.0 = Debug|Any CPU
		{CB1DFE3D-CFB9-4488-8E44-B18DDEB66BF6}.Release|Any CPU.ActiveCfg = Release|Any CPU
		{CB1DFE3D-CFB9-4488-8E44-B18DDEB66BF6}.Release|Any CPU.Build.0 = Release|Any CPU
		{CB1DFE3D-CFB9-4488-8E44-B18DDEB66BF6}.Release|x64.ActiveCfg = Release|Any CPU
		{CB1DFE3D-CFB9-4488-8E44-B18DDEB66BF6}.Release|x64.Build.0 = Release|Any CPU
		{CB1DFE3D-CFB9-4488-8E44-B18DDEB66BF6}.Release|x86.ActiveCfg = Release|Any CPU
		{CB1DFE3D-CFB9-4488-8E44-B18DDEB66BF6}.Release|x86.Build.0 = Release|Any CPU
		{8E98DE2E-4E74-47D7-801E-9769146943CE}.Debug|Any CPU.ActiveCfg = Debug|Any CPU
		{8E98DE2E-4E74-47D7-801E-9769146943CE}.Debug|Any CPU.Build.0 = Debug|Any CPU
		{8E98DE2E-4E74-47D7-801E-9769146943CE}.Debug|x64.ActiveCfg = Debug|Any CPU
		{8E98DE2E-4E74-47D7-801E-9769146943CE}.Debug|x64.Build.0 = Debug|Any CPU
		{8E98DE2E-4E74-47D7-801E-9769146943CE}.Debug|x86.ActiveCfg = Debug|Any CPU
		{8E98DE2E-4E74-47D7-801E-9769146943CE}.Debug|x86.Build.0 = Debug|Any CPU
		{8E98DE2E-4E74-47D7-801E-9769146943CE}.Release|Any CPU.ActiveCfg = Release|Any CPU
		{8E98DE2E-4E74-47D7-801E-9769146943CE}.Release|Any CPU.Build.0 = Release|Any CPU
		{8E98DE2E-4E74-47D7-801E-9769146943CE}.Release|x64.ActiveCfg = Release|Any CPU
		{8E98DE2E-4E74-47D7-801E-9769146943CE}.Release|x64.Build.0 = Release|Any CPU
		{8E98DE2E-4E74-47D7-801E-9769146943CE}.Release|x86.ActiveCfg = Release|Any CPU
		{8E98DE2E-4E74-47D7-801E-9769146943CE}.Release|x86.Build.0 = Release|Any CPU
		{F19428B5-EC30-4525-8965-8829B0C1866D}.Debug|Any CPU.ActiveCfg = Debug|Any CPU
		{F19428B5-EC30-4525-8965-8829B0C1866D}.Debug|Any CPU.Build.0 = Debug|Any CPU
		{F19428B5-EC30-4525-8965-8829B0C1866D}.Debug|x64.ActiveCfg = Debug|Any CPU
		{F19428B5-EC30-4525-8965-8829B0C1866D}.Debug|x64.Build.0 = Debug|Any CPU
		{F19428B5-EC30-4525-8965-8829B0C1866D}.Debug|x86.ActiveCfg = Debug|Any CPU
		{F19428B5-EC30-4525-8965-8829B0C1866D}.Debug|x86.Build.0 = Debug|Any CPU
		{F19428B5-EC30-4525-8965-8829B0C1866D}.Release|Any CPU.ActiveCfg = Release|Any CPU
		{F19428B5-EC30-4525-8965-8829B0C1866D}.Release|Any CPU.Build.0 = Release|Any CPU
		{F19428B5-EC30-4525-8965-8829B0C1866D}.Release|x64.ActiveCfg = Release|Any CPU
		{F19428B5-EC30-4525-8965-8829B0C1866D}.Release|x64.Build.0 = Release|Any CPU
		{F19428B5-EC30-4525-8965-8829B0C1866D}.Release|x86.ActiveCfg = Release|Any CPU
		{F19428B5-EC30-4525-8965-8829B0C1866D}.Release|x86.Build.0 = Release|Any CPU
		{D9920D9C-51FA-42E9-A4D3-96F6F95048B1}.Debug|Any CPU.ActiveCfg = Debug|Any CPU
		{D9920D9C-51FA-42E9-A4D3-96F6F95048B1}.Debug|Any CPU.Build.0 = Debug|Any CPU
		{D9920D9C-51FA-42E9-A4D3-96F6F95048B1}.Debug|x64.ActiveCfg = Debug|Any CPU
		{D9920D9C-51FA-42E9-A4D3-96F6F95048B1}.Debug|x64.Build.0 = Debug|Any CPU
		{D9920D9C-51FA-42E9-A4D3-96F6F95048B1}.Debug|x86.ActiveCfg = Debug|Any CPU
		{D9920D9C-51FA-42E9-A4D3-96F6F95048B1}.Debug|x86.Build.0 = Debug|Any CPU
		{D9920D9C-51FA-42E9-A4D3-96F6F95048B1}.Release|Any CPU.ActiveCfg = Release|Any CPU
		{D9920D9C-51FA-42E9-A4D3-96F6F95048B1}.Release|Any CPU.Build.0 = Release|Any CPU
		{D9920D9C-51FA-42E9-A4D3-96F6F95048B1}.Release|x64.ActiveCfg = Release|Any CPU
		{D9920D9C-51FA-42E9-A4D3-96F6F95048B1}.Release|x64.Build.0 = Release|Any CPU
		{D9920D9C-51FA-42E9-A4D3-96F6F95048B1}.Release|x86.ActiveCfg = Release|Any CPU
		{D9920D9C-51FA-42E9-A4D3-96F6F95048B1}.Release|x86.Build.0 = Release|Any CPU
		{5F2D417A-0053-417F-9250-11F145F710DF}.Debug|Any CPU.ActiveCfg = Debug|Any CPU
		{5F2D417A-0053-417F-9250-11F145F710DF}.Debug|Any CPU.Build.0 = Debug|Any CPU
		{5F2D417A-0053-417F-9250-11F145F710DF}.Debug|x64.ActiveCfg = Debug|Any CPU
		{5F2D417A-0053-417F-9250-11F145F710DF}.Debug|x64.Build.0 = Debug|Any CPU
		{5F2D417A-0053-417F-9250-11F145F710DF}.Debug|x86.ActiveCfg = Debug|Any CPU
		{5F2D417A-0053-417F-9250-11F145F710DF}.Debug|x86.Build.0 = Debug|Any CPU
		{5F2D417A-0053-417F-9250-11F145F710DF}.Release|Any CPU.ActiveCfg = Release|Any CPU
		{5F2D417A-0053-417F-9250-11F145F710DF}.Release|Any CPU.Build.0 = Release|Any CPU
		{5F2D417A-0053-417F-9250-11F145F710DF}.Release|x64.ActiveCfg = Release|Any CPU
		{5F2D417A-0053-417F-9250-11F145F710DF}.Release|x64.Build.0 = Release|Any CPU
		{5F2D417A-0053-417F-9250-11F145F710DF}.Release|x86.ActiveCfg = Release|Any CPU
		{5F2D417A-0053-417F-9250-11F145F710DF}.Release|x86.Build.0 = Release|Any CPU
		{E90C43BC-1822-4BF5-AD56-7F3CC386ECEE}.Debug|Any CPU.ActiveCfg = Debug|Any CPU
		{E90C43BC-1822-4BF5-AD56-7F3CC386ECEE}.Debug|Any CPU.Build.0 = Debug|Any CPU
		{E90C43BC-1822-4BF5-AD56-7F3CC386ECEE}.Debug|x64.ActiveCfg = Debug|Any CPU
		{E90C43BC-1822-4BF5-AD56-7F3CC386ECEE}.Debug|x64.Build.0 = Debug|Any CPU
		{E90C43BC-1822-4BF5-AD56-7F3CC386ECEE}.Debug|x86.ActiveCfg = Debug|Any CPU
		{E90C43BC-1822-4BF5-AD56-7F3CC386ECEE}.Debug|x86.Build.0 = Debug|Any CPU
		{E90C43BC-1822-4BF5-AD56-7F3CC386ECEE}.Release|Any CPU.ActiveCfg = Release|Any CPU
		{E90C43BC-1822-4BF5-AD56-7F3CC386ECEE}.Release|Any CPU.Build.0 = Release|Any CPU
		{E90C43BC-1822-4BF5-AD56-7F3CC386ECEE}.Release|x64.ActiveCfg = Release|Any CPU
		{E90C43BC-1822-4BF5-AD56-7F3CC386ECEE}.Release|x64.Build.0 = Release|Any CPU
		{E90C43BC-1822-4BF5-AD56-7F3CC386ECEE}.Release|x86.ActiveCfg = Release|Any CPU
		{E90C43BC-1822-4BF5-AD56-7F3CC386ECEE}.Release|x86.Build.0 = Release|Any CPU
		{AD905E74-BEA3-4973-A82C-0F0A78F2A79A}.Debug|Any CPU.ActiveCfg = Debug|Any CPU
		{AD905E74-BEA3-4973-A82C-0F0A78F2A79A}.Debug|Any CPU.Build.0 = Debug|Any CPU
		{AD905E74-BEA3-4973-A82C-0F0A78F2A79A}.Debug|x64.ActiveCfg = Debug|Any CPU
		{AD905E74-BEA3-4973-A82C-0F0A78F2A79A}.Debug|x64.Build.0 = Debug|Any CPU
		{AD905E74-BEA3-4973-A82C-0F0A78F2A79A}.Debug|x86.ActiveCfg = Debug|Any CPU
		{AD905E74-BEA3-4973-A82C-0F0A78F2A79A}.Debug|x86.Build.0 = Debug|Any CPU
		{AD905E74-BEA3-4973-A82C-0F0A78F2A79A}.Release|Any CPU.ActiveCfg = Release|Any CPU
		{AD905E74-BEA3-4973-A82C-0F0A78F2A79A}.Release|Any CPU.Build.0 = Release|Any CPU
		{AD905E74-BEA3-4973-A82C-0F0A78F2A79A}.Release|x64.ActiveCfg = Release|Any CPU
		{AD905E74-BEA3-4973-A82C-0F0A78F2A79A}.Release|x64.Build.0 = Release|Any CPU
		{AD905E74-BEA3-4973-A82C-0F0A78F2A79A}.Release|x86.ActiveCfg = Release|Any CPU
		{AD905E74-BEA3-4973-A82C-0F0A78F2A79A}.Release|x86.Build.0 = Release|Any CPU
		{46BBE8A4-CFA1-4209-B7E5-717554CF609F}.Debug|Any CPU.ActiveCfg = Debug|Any CPU
		{46BBE8A4-CFA1-4209-B7E5-717554CF609F}.Debug|Any CPU.Build.0 = Debug|Any CPU
		{46BBE8A4-CFA1-4209-B7E5-717554CF609F}.Debug|x64.ActiveCfg = Debug|Any CPU
		{46BBE8A4-CFA1-4209-B7E5-717554CF609F}.Debug|x64.Build.0 = Debug|Any CPU
		{46BBE8A4-CFA1-4209-B7E5-717554CF609F}.Debug|x86.ActiveCfg = Debug|Any CPU
		{46BBE8A4-CFA1-4209-B7E5-717554CF609F}.Debug|x86.Build.0 = Debug|Any CPU
		{46BBE8A4-CFA1-4209-B7E5-717554CF609F}.Release|Any CPU.ActiveCfg = Release|Any CPU
		{46BBE8A4-CFA1-4209-B7E5-717554CF609F}.Release|Any CPU.Build.0 = Release|Any CPU
		{46BBE8A4-CFA1-4209-B7E5-717554CF609F}.Release|x64.ActiveCfg = Release|Any CPU
		{46BBE8A4-CFA1-4209-B7E5-717554CF609F}.Release|x64.Build.0 = Release|Any CPU
		{46BBE8A4-CFA1-4209-B7E5-717554CF609F}.Release|x86.ActiveCfg = Release|Any CPU
		{46BBE8A4-CFA1-4209-B7E5-717554CF609F}.Release|x86.Build.0 = Release|Any CPU
	EndGlobalSection
	GlobalSection(SolutionProperties) = preSolution
		HideSolutionNode = FALSE
	EndGlobalSection
	GlobalSection(NestedProjects) = preSolution
		{91269E94-ABD0-4FE8-91EE-3249DC47F0CF} = {827E0CD3-B72D-47B6-A68D-7590B98EB39B}
		{CB1DFE3D-CFB9-4488-8E44-B18DDEB66BF6} = {827E0CD3-B72D-47B6-A68D-7590B98EB39B}
		{8E98DE2E-4E74-47D7-801E-9769146943CE} = {827E0CD3-B72D-47B6-A68D-7590B98EB39B}
		{F19428B5-EC30-4525-8965-8829B0C1866D} = {827E0CD3-B72D-47B6-A68D-7590B98EB39B}
		{D9920D9C-51FA-42E9-A4D3-96F6F95048B1} = {827E0CD3-B72D-47B6-A68D-7590B98EB39B}
		{5F2D417A-0053-417F-9250-11F145F710DF} = {0AB3BF05-4346-4AA6-1389-037BE0695223}
		{E90C43BC-1822-4BF5-AD56-7F3CC386ECEE} = {0AB3BF05-4346-4AA6-1389-037BE0695223}
		{AD905E74-BEA3-4973-A82C-0F0A78F2A79A} = {0AB3BF05-4346-4AA6-1389-037BE0695223}
		{46BBE8A4-CFA1-4209-B7E5-717554CF609F} = {0AB3BF05-4346-4AA6-1389-037BE0695223}
	EndGlobalSection
EndGlobal
